[[package]]
name = "autopep8"
version = "2.0.1"
description = "A tool that automatically formats Python code to conform to the PEP 8 style guide"
category = "dev"
optional = false
python-versions = ">=3.6"

[package.dependencies]
pycodestyle = ">=2.10.0"
tomli = {version = "*", markers = "python_version < \"3.11\""}

[[package]]
name = "py4j"
version = "0.10.9.5"
description = "Enables Python programs to dynamically access arbitrary Java objects"
category = "dev"
optional = false
python-versions = "*"

[[package]]
name = "pycodestyle"
version = "2.10.0"
description = "Python style guide checker"
category = "dev"
optional = false
python-versions = ">=3.6"

[[package]]
name = "pyspark"
version = "3.3.1"
description = "Apache Spark Python API"
category = "dev"
optional = false
python-versions = ">=3.7"

[package.dependencies]
py4j = "0.10.9.5"

[package.extras]
ml = ["numpy (>=1.15)"]
mllib = ["numpy (>=1.15)"]
pandas_on_spark = ["numpy (>=1.15)", "pandas (>=1.0.5)", "pyarrow (>=1.0.0)"]
sql = ["pandas (>=1.0.5)", "pyarrow (>=1.0.0)"]

[[package]]
name = "tomli"
version = "2.0.1"
description = "A lil' TOML parser"
category = "dev"
optional = false
python-versions = ">=3.7"

[metadata]
lock-version = "1.1"
python-versions = "^3.10"
content-hash = "cd71135063a839469cd3f5f2b88cf0479ae004f0d7b28e887cf5ea4bc73ba10c"

[metadata.files]
autopep8 = [
    {file = "autopep8-2.0.1-py2.py3-none-any.whl", hash = "sha256:be5bc98c33515b67475420b7b1feafc8d32c1a69862498eda4983b45bffd2687"},
    {file = "autopep8-2.0.1.tar.gz", hash = "sha256:d27a8929d8dcd21c0f4b3859d2d07c6c25273727b98afc984c039df0f0d86566"},
]
py4j = [
    {file = "py4j-0.10.9.5-py2.py3-none-any.whl", hash = "sha256:52d171a6a2b031d8a5d1de6efe451cf4f5baff1a2819aabc3741c8406539ba04"},
    {file = "py4j-0.10.9.5.tar.gz", hash = "sha256:276a4a3c5a2154df1860ef3303a927460e02e97b047dc0a47c1c3fb8cce34db6"},
]
pycodestyle = [
    {file = "pycodestyle-2.10.0-py2.py3-none-any.whl", hash = "sha256:8a4eaf0d0495c7395bdab3589ac2db602797d76207242c17d470186815706610"},
    {file = "pycodestyle-2.10.0.tar.gz", hash = "sha256:347187bdb476329d98f695c213d7295a846d1152ff4fe9bacb8a9590b8ee7053"},
]
pyspark = [
    {file = "pyspark-3.3.1.tar.gz", hash = "sha256:e99fa7de92be406884bfd831c32b9306a3a99de44cfc39a2eefb6ed07445d5fa"},
]
tomli = [
    {file = "tomli-2.0.1-py3-none-any.whl", hash = "sha256:939de3e7a6161af0c887ef91b7d41a53e7c5a1ca976325f429cb46ea9bc30ecc"},
    {file = "tomli-2.0.1.tar.gz", hash = "sha256:de526c12914f0c550d15924c62d72abc48d6fe7364aa87328337a31007fe8a4f"},
]
